// !$*UTF8*$!
{
	archiveVersion = 1;
	classes = {
	};
	objectVersion = 44;
	objects = {

/* Begin PBXAggregateTarget section */
		165D3EC010CEA4B80047AF58 /* All Projects */ = {
			isa = PBXAggregateTarget;
			buildConfigurationList = 165D3EC310CEA4C00047AF58 /* Build configuration list for PBXAggregateTarget "All Projects" */;
			buildPhases = (
				162A059D1104A524009DD3F0 /* CopyFiles */,
				162A05A21104A539009DD3F0 /* CopyFiles */,
			);
			dependencies = (
				165D3F3210CEA6C30047AF58 /* PBXTargetDependency */,
				16C0D54310CFBDF900B9FB58 /* PBXTargetDependency */,
			);
			name = "All Projects";
			productName = "All Projects";
		};
/* End PBXAggregateTarget section */

/* Begin PBXBuildFile section */
		0A10A00911DF93090087B026 /* man_info.c in Sources */ = {isa = PBXBuildFile; fileRef = 0A10A00811DF93090087B026 /* man_info.c */; };
		1601481910ECC92A0044973E /* FlatViewController.m in Sources */ = {isa = PBXBuildFile; fileRef = 1601481610ECC92A0044973E /* FlatViewController.m */; };
		1601481A10ECC92A0044973E /* TreeViewController.m in Sources */ = {isa = PBXBuildFile; fileRef = 1601481810ECC92A0044973E /* TreeViewController.m */; };
		1606B6D011049AAC00C2801E /* SettingsController.m in Sources */ = {isa = PBXBuildFile; fileRef = 1606B6CF11049AAC00C2801E /* SettingsController.m */; };
		1608488A10F837AE00967C3D /* info.icns in Resources */ = {isa = PBXBuildFile; fileRef = 1608488710F837AE00967C3D /* info.icns */; };
		1608488B10F837AE00967C3D /* Matrix.icns in Resources */ = {isa = PBXBuildFile; fileRef = 1608488810F837AE00967C3D /* Matrix.icns */; };
		1608488C10F837AE00967C3D /* remove.icns in Resources */ = {isa = PBXBuildFile; fileRef = 1608488910F837AE00967C3D /* remove.icns */; };
		160849B610F853F900967C3D /* TaskInfoController.m in Sources */ = {isa = PBXBuildFile; fileRef = 160849B510F853F900967C3D /* TaskInfoController.m */; };
		160D7B9B10E87DFB0067500C /* ColumnsBinder.m in Sources */ = {isa = PBXBuildFile; fileRef = 160D7B9A10E87DFB0067500C /* ColumnsBinder.m */; };
		1616CB3810FB6A6F00550188 /* OutlineViewEx.m in Sources */ = {isa = PBXBuildFile; fileRef = 1616CB3710FB6A6F00550188 /* OutlineViewEx.m */; };
		1617C91911C401E2005A56CC /* GraphView.m in Sources */ = {isa = PBXBuildFile; fileRef = 1617C91811C401E2005A56CC /* GraphView.m */; };
		16286965111A79B000316205 /* macho_reader.c in Sources */ = {isa = PBXBuildFile; fileRef = 16286960111A79B000316205 /* macho_reader.c */; };
		16286966111A79B000316205 /* MachOReader.m in Sources */ = {isa = PBXBuildFile; fileRef = 16286963111A79B000316205 /* MachOReader.m */; };
		16286972111A7A2C00316205 /* MachOView.xib in Resources */ = {isa = PBXBuildFile; fileRef = 16286970111A7A2C00316205 /* MachOView.xib */; };
		16286976111A7A5500316205 /* MachOViewController.m in Sources */ = {isa = PBXBuildFile; fileRef = 16286975111A7A5500316205 /* MachOViewController.m */; };
		162A058F1104A506009DD3F0 /* Sparkle.framework in Frameworks */ = {isa = PBXBuildFile; fileRef = 162A058E1104A506009DD3F0 /* Sparkle.framework */; };
		162A05A71104A614009DD3F0 /* Sparkle.framework in CopyFiles */ = {isa = PBXBuildFile; fileRef = 162A058E1104A506009DD3F0 /* Sparkle.framework */; };
		162A05C01104AB19009DD3F0 /* dsa_pub.pem in Resources */ = {isa = PBXBuildFile; fileRef = 162A05BF1104AB19009DD3F0 /* dsa_pub.pem */; };
		16331DE510FAE6DE006AC777 /* Transformers.m in Sources */ = {isa = PBXBuildFile; fileRef = 16331DE410FAE6DE006AC777 /* Transformers.m */; };
		16331FBE10FB3596006AC777 /* process_remove.icns in Resources */ = {isa = PBXBuildFile; fileRef = 16331FBD10FB3596006AC777 /* process_remove.icns */; };
		1640759610FCB71A0028FED8 /* warning.icns in Resources */ = {isa = PBXBuildFile; fileRef = 1640759510FCB71A0028FED8 /* warning.icns */; };
		165D3F2410CEA6AE0047AF58 /* InfoPlist.strings in Resources */ = {isa = PBXBuildFile; fileRef = 165D3F0C10CEA6AE0047AF58 /* InfoPlist.strings */; };
		165D3F2510CEA6AE0047AF58 /* MainMenu.xib in Resources */ = {isa = PBXBuildFile; fileRef = 165D3F0E10CEA6AE0047AF58 /* MainMenu.xib */; };
		165D3F2610CEA6AE0047AF58 /* main.m in Sources */ = {isa = PBXBuildFile; fileRef = 165D3F1010CEA6AE0047AF58 /* main.m */; };
		165D3F2810CEA6AE0047AF58 /* Tasks_ExplorerAppDelegate.m in Sources */ = {isa = PBXBuildFile; fileRef = 165D3F1710CEA6AE0047AF58 /* Tasks_ExplorerAppDelegate.m */; };
		16602DF710EE1B9D00BC327B /* server.c in Sources */ = {isa = PBXBuildFile; fileRef = 16602DF610EE1B9D00BC327B /* server.c */; };
		168102AD1102F174003F5289 /* EnvVariable.m in Sources */ = {isa = PBXBuildFile; fileRef = 168102AC1102F174003F5289 /* EnvVariable.m */; };
		1681037C1103059A003F5289 /* Settings.m in Sources */ = {isa = PBXBuildFile; fileRef = 1681037B1103059A003F5289 /* Settings.m */; };
		168103DA11031245003F5289 /* DBPrefsWindowController.m in Sources */ = {isa = PBXBuildFile; fileRef = 168103D911031245003F5289 /* DBPrefsWindowController.m */; };
		1681040811031CC0003F5289 /* Settings.xib in Resources */ = {isa = PBXBuildFile; fileRef = 1681040711031CC0003F5289 /* Settings.xib */; };
		168104C511032720003F5289 /* General.icns in Resources */ = {isa = PBXBuildFile; fileRef = 168104C311032720003F5289 /* General.icns */; };
		168104C611032720003F5289 /* Updates.icns in Resources */ = {isa = PBXBuildFile; fileRef = 168104C411032720003F5289 /* Updates.icns */; };
		16822E4810CFEE7000627F5E /* CoreFoundation.framework in Frameworks */ = {isa = PBXBuildFile; fileRef = 165D400C10CF57FF0047AF58 /* CoreFoundation.framework */; };
		1683331211908BEB005AC816 /* DataSource.m in Sources */ = {isa = PBXBuildFile; fileRef = 1683331111908BEB005AC816 /* DataSource.m */; };
		16917E1010F39B5E00E71A04 /* bundleinforeader.c in Sources */ = {isa = PBXBuildFile; fileRef = 16917E0F10F39B5E00E71A04 /* bundleinforeader.c */; };
		16917E1510F417E200E71A04 /* helpers.c in Sources */ = {isa = PBXBuildFile; fileRef = 16917E1410F417E200E71A04 /* helpers.c */; };
		169929C111932E2A004BCE44 /* ToolbarController.m in Sources */ = {isa = PBXBuildFile; fileRef = 169929C011932E2A004BCE44 /* ToolbarController.m */; };
		169B3AE911C50AC8002F73A9 /* external_utils.c in Sources */ = {isa = PBXBuildFile; fileRef = 169B3AE811C50AC8002F73A9 /* external_utils.c */; };
		16A6384610F7CC6E006EBD0D /* ImageAndTextCell.m in Sources */ = {isa = PBXBuildFile; fileRef = 162E9FD710F37B1A00D3B983 /* ImageAndTextCell.m */; };
		16A8537D10E8EAED008AFDA5 /* TaskInfo.xib in Resources */ = {isa = PBXBuildFile; fileRef = 16A8537C10E8EAED008AFDA5 /* TaskInfo.xib */; };
		16B4F8FE10F0912C00741229 /* tasks_explorer_svc.c in Sources */ = {isa = PBXBuildFile; fileRef = 16B4F8FD10F0912C00741229 /* tasks_explorer_svc.c */; };
		16B4F9B910F0B5D900741229 /* tasks_explorer.x in Resources */ = {isa = PBXBuildFile; fileRef = 16B4F9B310F0B5D900741229 /* tasks_explorer.x */; };
		16B4F9C310F0B5D900741229 /* tasks_explorer_xdr.c in Sources */ = {isa = PBXBuildFile; fileRef = 16B4F9B810F0B5D900741229 /* tasks_explorer_xdr.c */; };
		16B5626410F4AFB200F37267 /* tasks_explorer_clnt.c in Sources */ = {isa = PBXBuildFile; fileRef = 16B4F8FF10F0914100741229 /* tasks_explorer_clnt.c */; };
		16B5626510F4AFB200F37267 /* ProcessInfo.m in Sources */ = {isa = PBXBuildFile; fileRef = 1686C4B110E5CB2300FCFDAF /* ProcessInfo.m */; };
		16B5626610F4AFB200F37267 /* DaemonDataSource.m in Sources */ = {isa = PBXBuildFile; fileRef = 16602D8C10EE0CE100BC327B /* DaemonDataSource.m */; };
		16B5626710F4AFB200F37267 /* TasksInfoManager.m in Sources */ = {isa = PBXBuildFile; fileRef = 16066DAC10E4CA6100BABB7C /* TasksInfoManager.m */; };
		16B5626810F4AFB200F37267 /* tasks_explorer_xdr_c.c in Sources */ = {isa = PBXBuildFile; fileRef = 16B4F9F010F0B85000741229 /* tasks_explorer_xdr_c.c */; };
		16BFEED010EE019A003BCED0 /* taskinfomanager.c in Sources */ = {isa = PBXBuildFile; fileRef = 16822D2210CFC47200627F5E /* taskinfomanager.c */; };
		16D52F3510E487CA00D4742D /* TreeView.xib in Resources */ = {isa = PBXBuildFile; fileRef = 16D52F3410E487CA00D4742D /* TreeView.xib */; };
		16D52F7C10E48A4C00D4742D /* FlatView.xib in Resources */ = {isa = PBXBuildFile; fileRef = 16D52F7B10E48A4C00D4742D /* FlatView.xib */; };
		16D52F9410E48BE200D4742D /* MainWindowController.m in Sources */ = {isa = PBXBuildFile; fileRef = 16D52F9310E48BE200D4742D /* MainWindowController.m */; };
		4D99839813A28E8500877DD8 /* CallStack.xib in Resources */ = {isa = PBXBuildFile; fileRef = 4D99839613A28E8500877DD8 /* CallStack.xib */; };
		4D99839B13A3B92100877DD8 /* StackInfoController.m in Sources */ = {isa = PBXBuildFile; fileRef = 4D99839A13A3B92100877DD8 /* StackInfoController.m */; };
		4DEB29D913A3D56600D794C7 /* stack_info.c in Sources */ = {isa = PBXBuildFile; fileRef = 4DEB29D713A3D56600D794C7 /* stack_info.c */; };
		4DF31095139AA0F500A4C82A /* ThreadInfo.m in Sources */ = {isa = PBXBuildFile; fileRef = 4DF31094139AA0F500A4C82A /* ThreadInfo.m */; };
		5C05B66B13BDA8AE004C96EB /* StackRecord.m in Sources */ = {isa = PBXBuildFile; fileRef = 5C05B66A13BDA8AE004C96EB /* StackRecord.m */; };
/* End PBXBuildFile section */

/* Begin PBXContainerItemProxy section */
		165D3F3110CEA6C30047AF58 /* PBXContainerItemProxy */ = {
			isa = PBXContainerItemProxy;
			containerPortal = 165D3DF910CEA07F0047AF58 /* Project object */;
			proxyType = 1;
			remoteGlobalIDString = 165D3EF510CEA65A0047AF58;
			remoteInfo = "Tasks Explorer";
		};
		16C0D54210CFBDF900B9FB58 /* PBXContainerItemProxy */ = {
			isa = PBXContainerItemProxy;
			containerPortal = 165D3DF910CEA07F0047AF58 /* Project object */;
			proxyType = 1;
			remoteGlobalIDString = 16C0D53610CFBDDF00B9FB58;
			remoteInfo = tasksexplorerd;
		};
/* End PBXContainerItemProxy section */

/* Begin PBXCopyFilesBuildPhase section */
		162A059D1104A524009DD3F0 /* CopyFiles */ = {
			isa = PBXCopyFilesBuildPhase;
			buildActionMask = 2147483647;
			dstPath = "";
			dstSubfolderSpec = 7;
			files = (
			);
			runOnlyForDeploymentPostprocessing = 0;
		};
		162A05A21104A539009DD3F0 /* CopyFiles */ = {
			isa = PBXCopyFilesBuildPhase;
			buildActionMask = 2147483647;
			dstPath = "";
			dstSubfolderSpec = 10;
			files = (
			);
			runOnlyForDeploymentPostprocessing = 0;
		};
		162A05A61104A59C009DD3F0 /* CopyFiles */ = {
			isa = PBXCopyFilesBuildPhase;
			buildActionMask = 12;
			dstPath = "";
			dstSubfolderSpec = 10;
			files = (
				162A05A71104A614009DD3F0 /* Sparkle.framework in CopyFiles */,
			);
			runOnlyForDeploymentPostprocessing = 0;
		};
/* End PBXCopyFilesBuildPhase section */

/* Begin PBXFileReference section */
		0A10A00711DF93090087B026 /* man_info.h */ = {isa = PBXFileReference; fileEncoding = 4; lastKnownFileType = sourcecode.c.h; path = man_info.h; sourceTree = "<group>"; };
		0A10A00811DF93090087B026 /* man_info.c */ = {isa = PBXFileReference; fileEncoding = 4; lastKnownFileType = sourcecode.c.c; path = man_info.c; sourceTree = "<group>"; };
		1601481510ECC92A0044973E /* FlatViewController.h */ = {isa = PBXFileReference; fileEncoding = 4; lastKnownFileType = sourcecode.c.h; path = FlatViewController.h; sourceTree = "<group>"; };
		1601481610ECC92A0044973E /* FlatViewController.m */ = {isa = PBXFileReference; fileEncoding = 4; lastKnownFileType = sourcecode.c.objc; path = FlatViewController.m; sourceTree = "<group>"; };
		1601481710ECC92A0044973E /* TreeViewController.h */ = {isa = PBXFileReference; fileEncoding = 4; lastKnownFileType = sourcecode.c.h; path = TreeViewController.h; sourceTree = "<group>"; };
		1601481810ECC92A0044973E /* TreeViewController.m */ = {isa = PBXFileReference; fileEncoding = 4; lastKnownFileType = sourcecode.c.objc; path = TreeViewController.m; sourceTree = "<group>"; };
		16066DAB10E4CA6100BABB7C /* TasksInfoManager.h */ = {isa = PBXFileReference; fileEncoding = 4; lastKnownFileType = sourcecode.c.h; path = TasksInfoManager.h; sourceTree = "<group>"; };
		16066DAC10E4CA6100BABB7C /* TasksInfoManager.m */ = {isa = PBXFileReference; fileEncoding = 4; lastKnownFileType = sourcecode.c.objc; path = TasksInfoManager.m; sourceTree = "<group>"; };
		1606B6CE11049AAC00C2801E /* SettingsController.h */ = {isa = PBXFileReference; fileEncoding = 4; lastKnownFileType = sourcecode.c.h; path = SettingsController.h; sourceTree = "<group>"; };
		1606B6CF11049AAC00C2801E /* SettingsController.m */ = {isa = PBXFileReference; fileEncoding = 4; lastKnownFileType = sourcecode.c.objc; path = SettingsController.m; sourceTree = "<group>"; };
		1608488710F837AE00967C3D /* info.icns */ = {isa = PBXFileReference; lastKnownFileType = image.icns; path = info.icns; sourceTree = "<group>"; };
		1608488810F837AE00967C3D /* Matrix.icns */ = {isa = PBXFileReference; lastKnownFileType = image.icns; path = Matrix.icns; sourceTree = "<group>"; };
		1608488910F837AE00967C3D /* remove.icns */ = {isa = PBXFileReference; lastKnownFileType = image.icns; path = remove.icns; sourceTree = "<group>"; };
		160849B410F853F900967C3D /* TaskInfoController.h */ = {isa = PBXFileReference; fileEncoding = 4; lastKnownFileType = sourcecode.c.h; path = TaskInfoController.h; sourceTree = "<group>"; };
		160849B510F853F900967C3D /* TaskInfoController.m */ = {isa = PBXFileReference; fileEncoding = 4; lastKnownFileType = sourcecode.c.objc; path = TaskInfoController.m; sourceTree = "<group>"; };
		160D7B9910E87DFB0067500C /* ColumnsBinder.h */ = {isa = PBXFileReference; fileEncoding = 4; lastKnownFileType = sourcecode.c.h; path = ColumnsBinder.h; sourceTree = "<group>"; };
		160D7B9A10E87DFB0067500C /* ColumnsBinder.m */ = {isa = PBXFileReference; fileEncoding = 4; lastKnownFileType = sourcecode.c.objc; path = ColumnsBinder.m; sourceTree = "<group>"; };
		1616CB3610FB6A6F00550188 /* OutlineViewEx.h */ = {isa = PBXFileReference; fileEncoding = 4; lastKnownFileType = sourcecode.c.h; path = OutlineViewEx.h; sourceTree = "<group>"; };
		1616CB3710FB6A6F00550188 /* OutlineViewEx.m */ = {isa = PBXFileReference; fileEncoding = 4; lastKnownFileType = sourcecode.c.objc; path = OutlineViewEx.m; sourceTree = "<group>"; };
		1617C91711C401E2005A56CC /* GraphView.h */ = {isa = PBXFileReference; fileEncoding = 4; lastKnownFileType = sourcecode.c.h; path = GraphView.h; sourceTree = "<group>"; };
		1617C91811C401E2005A56CC /* GraphView.m */ = {isa = PBXFileReference; fileEncoding = 4; lastKnownFileType = sourcecode.c.objc; path = GraphView.m; sourceTree = "<group>"; };
		16286960111A79B000316205 /* macho_reader.c */ = {isa = PBXFileReference; explicitFileType = sourcecode.c.objc; fileEncoding = 4; path = macho_reader.c; sourceTree = "<group>"; };
		16286961111A79B000316205 /* macho_reader.h */ = {isa = PBXFileReference; fileEncoding = 4; lastKnownFileType = sourcecode.c.h; path = macho_reader.h; sourceTree = "<group>"; };
		16286962111A79B000316205 /* MachOReader.h */ = {isa = PBXFileReference; fileEncoding = 4; lastKnownFileType = sourcecode.c.h; path = MachOReader.h; sourceTree = "<group>"; };
		16286963111A79B000316205 /* MachOReader.m */ = {isa = PBXFileReference; fileEncoding = 4; lastKnownFileType = sourcecode.c.objc; path = MachOReader.m; sourceTree = "<group>"; };
		16286964111A79B000316205 /* sglib.h */ = {isa = PBXFileReference; fileEncoding = 4; lastKnownFileType = sourcecode.c.h; path = sglib.h; sourceTree = "<group>"; };
		16286971111A7A2C00316205 /* English */ = {isa = PBXFileReference; lastKnownFileType = file.xib; name = English; path = English.lproj/MachOView.xib; sourceTree = "<group>"; };
		16286974111A7A5500316205 /* MachOViewController.h */ = {isa = PBXFileReference; fileEncoding = 4; lastKnownFileType = sourcecode.c.h; path = MachOViewController.h; sourceTree = "<group>"; };
		16286975111A7A5500316205 /* MachOViewController.m */ = {isa = PBXFileReference; fileEncoding = 4; lastKnownFileType = sourcecode.c.objc; path = MachOViewController.m; sourceTree = "<group>"; };
		162A058E1104A506009DD3F0 /* Sparkle.framework */ = {isa = PBXFileReference; lastKnownFileType = wrapper.framework; path = Sparkle.framework; sourceTree = "<group>"; };
		162A05BF1104AB19009DD3F0 /* dsa_pub.pem */ = {isa = PBXFileReference; fileEncoding = 4; lastKnownFileType = text; name = dsa_pub.pem; path = keys/dsa_pub.pem; sourceTree = SOURCE_ROOT; };
		162A05C11104B1F3009DD3F0 /* appcast.xml */ = {isa = PBXFileReference; fileEncoding = 4; lastKnownFileType = text.xml; path = appcast.xml; sourceTree = "<group>"; };
		162A05C21104B8C7009DD3F0 /* make_update.sh */ = {isa = PBXFileReference; fileEncoding = 4; lastKnownFileType = text.script.sh; path = make_update.sh; sourceTree = "<group>"; };
		162E9FD610F37B1A00D3B983 /* ImageAndTextCell.h */ = {isa = PBXFileReference; fileEncoding = 4; lastKnownFileType = sourcecode.c.h; path = ImageAndTextCell.h; sourceTree = "<group>"; };
		162E9FD710F37B1A00D3B983 /* ImageAndTextCell.m */ = {isa = PBXFileReference; fileEncoding = 4; lastKnownFileType = sourcecode.c.objc; path = ImageAndTextCell.m; sourceTree = "<group>"; };
		16331DE310FAE6DE006AC777 /* Transformers.h */ = {isa = PBXFileReference; fileEncoding = 4; lastKnownFileType = sourcecode.c.h; path = Transformers.h; sourceTree = "<group>"; };
		16331DE410FAE6DE006AC777 /* Transformers.m */ = {isa = PBXFileReference; fileEncoding = 4; lastKnownFileType = sourcecode.c.objc; path = Transformers.m; sourceTree = "<group>"; };
		16331FBD10FB3596006AC777 /* process_remove.icns */ = {isa = PBXFileReference; lastKnownFileType = image.icns; path = process_remove.icns; sourceTree = "<group>"; };
		1640759510FCB71A0028FED8 /* warning.icns */ = {isa = PBXFileReference; lastKnownFileType = image.icns; path = warning.icns; sourceTree = "<group>"; };
		164F383310CFBEC80040C962 /* afx.h */ = {isa = PBXFileReference; fileEncoding = 4; lastKnownFileType = sourcecode.c.h; path = afx.h; sourceTree = "<group>"; };
		165D3E0810CEA0930047AF58 /* Tasks Explorer-Info.plist */ = {isa = PBXFileReference; lastKnownFileType = text.plist.xml; path = "Tasks Explorer-Info.plist"; sourceTree = SOURCE_ROOT; };
		165D3EF610CEA65A0047AF58 /* Tasks Explorer.app */ = {isa = PBXFileReference; explicitFileType = wrapper.application; includeInIndex = 0; path = "Tasks Explorer.app"; sourceTree = BUILT_PRODUCTS_DIR; };
		165D3F0D10CEA6AE0047AF58 /* English */ = {isa = PBXFileReference; fileEncoding = 4; lastKnownFileType = text.plist.strings; name = English; path = English.lproj/InfoPlist.strings; sourceTree = "<group>"; };
		165D3F0F10CEA6AE0047AF58 /* English */ = {isa = PBXFileReference; lastKnownFileType = file.xib; name = English; path = English.lproj/MainMenu.xib; sourceTree = "<group>"; };
		165D3F1010CEA6AE0047AF58 /* main.m */ = {isa = PBXFileReference; fileEncoding = 4; lastKnownFileType = sourcecode.c.objc; path = main.m; sourceTree = "<group>"; };
		165D3F1510CEA6AE0047AF58 /* Tasks_Explorer_Prefix.pch */ = {isa = PBXFileReference; fileEncoding = 4; lastKnownFileType = sourcecode.c.h; path = Tasks_Explorer_Prefix.pch; sourceTree = "<group>"; };
		165D3F1610CEA6AE0047AF58 /* Tasks_ExplorerAppDelegate.h */ = {isa = PBXFileReference; fileEncoding = 4; lastKnownFileType = sourcecode.c.h; path = Tasks_ExplorerAppDelegate.h; sourceTree = "<group>"; };
		165D3F1710CEA6AE0047AF58 /* Tasks_ExplorerAppDelegate.m */ = {isa = PBXFileReference; fileEncoding = 4; lastKnownFileType = sourcecode.c.objc; path = Tasks_ExplorerAppDelegate.m; sourceTree = "<group>"; };
		165D400C10CF57FF0047AF58 /* CoreFoundation.framework */ = {isa = PBXFileReference; lastKnownFileType = wrapper.framework; name = CoreFoundation.framework; path = /System/Library/Frameworks/CoreFoundation.framework; sourceTree = "<absolute>"; };
		16602D8B10EE0CE100BC327B /* DaemonDataSource.h */ = {isa = PBXFileReference; fileEncoding = 4; lastKnownFileType = sourcecode.c.h; path = DaemonDataSource.h; sourceTree = "<group>"; };
		16602D8C10EE0CE100BC327B /* DaemonDataSource.m */ = {isa = PBXFileReference; fileEncoding = 4; lastKnownFileType = sourcecode.c.objc; path = DaemonDataSource.m; sourceTree = "<group>"; };
		16602DF510EE1B9D00BC327B /* server.h */ = {isa = PBXFileReference; fileEncoding = 4; lastKnownFileType = sourcecode.c.h; path = server.h; sourceTree = "<group>"; };
		16602DF610EE1B9D00BC327B /* server.c */ = {isa = PBXFileReference; fileEncoding = 4; lastKnownFileType = sourcecode.c.c; path = server.c; sourceTree = "<group>"; };
		168102AB1102F174003F5289 /* EnvVariable.h */ = {isa = PBXFileReference; fileEncoding = 4; lastKnownFileType = sourcecode.c.h; path = EnvVariable.h; sourceTree = "<group>"; };
		168102AC1102F174003F5289 /* EnvVariable.m */ = {isa = PBXFileReference; fileEncoding = 4; lastKnownFileType = sourcecode.c.objc; path = EnvVariable.m; sourceTree = "<group>"; };
		1681037A1103059A003F5289 /* Settings.h */ = {isa = PBXFileReference; fileEncoding = 4; lastKnownFileType = sourcecode.c.h; path = Settings.h; sourceTree = "<group>"; };
		1681037B1103059A003F5289 /* Settings.m */ = {isa = PBXFileReference; fileEncoding = 4; lastKnownFileType = sourcecode.c.objc; path = Settings.m; sourceTree = "<group>"; };
		168103D811031245003F5289 /* DBPrefsWindowController.h */ = {isa = PBXFileReference; fileEncoding = 4; lastKnownFileType = sourcecode.c.h; path = DBPrefsWindowController.h; sourceTree = "<group>"; };
		168103D911031245003F5289 /* DBPrefsWindowController.m */ = {isa = PBXFileReference; fileEncoding = 4; lastKnownFileType = sourcecode.c.objc; path = DBPrefsWindowController.m; sourceTree = "<group>"; };
		1681040511031CB6003F5289 /* English */ = {isa = PBXFileReference; lastKnownFileType = file.xib; name = English; path = English.lproj/Settings.xib; sourceTree = "<group>"; };
		168104C311032720003F5289 /* General.icns */ = {isa = PBXFileReference; lastKnownFileType = image.icns; path = General.icns; sourceTree = "<group>"; };
		168104C411032720003F5289 /* Updates.icns */ = {isa = PBXFileReference; lastKnownFileType = image.icns; path = Updates.icns; sourceTree = "<group>"; };
		16822D2110CFC47200627F5E /* main.c */ = {isa = PBXFileReference; fileEncoding = 4; lastKnownFileType = sourcecode.c.c; path = main.c; sourceTree = "<group>"; };
		16822D2210CFC47200627F5E /* taskinfomanager.c */ = {isa = PBXFileReference; fileEncoding = 4; lastKnownFileType = sourcecode.c.c; path = taskinfomanager.c; sourceTree = "<group>"; };
		16822D2310CFC47200627F5E /* taskinfomanager.h */ = {isa = PBXFileReference; fileEncoding = 4; lastKnownFileType = sourcecode.c.h; path = taskinfomanager.h; sourceTree = "<group>"; };
		1683331011908BEB005AC816 /* DataSource.h */ = {isa = PBXFileReference; fileEncoding = 4; lastKnownFileType = sourcecode.c.h; path = DataSource.h; sourceTree = "<group>"; };
		1683331111908BEB005AC816 /* DataSource.m */ = {isa = PBXFileReference; fileEncoding = 4; lastKnownFileType = sourcecode.c.objc; path = DataSource.m; sourceTree = "<group>"; };
		1686C4B010E5CB2300FCFDAF /* ProcessInfo.h */ = {isa = PBXFileReference; fileEncoding = 4; lastKnownFileType = sourcecode.c.h; path = ProcessInfo.h; sourceTree = "<group>"; };
		1686C4B110E5CB2300FCFDAF /* ProcessInfo.m */ = {isa = PBXFileReference; fileEncoding = 4; lastKnownFileType = sourcecode.c.objc; path = ProcessInfo.m; sourceTree = "<group>"; };
		16917E0E10F39B5E00E71A04 /* bundleinforeader.h */ = {isa = PBXFileReference; fileEncoding = 4; lastKnownFileType = sourcecode.c.h; path = bundleinforeader.h; sourceTree = "<group>"; };
		16917E0F10F39B5E00E71A04 /* bundleinforeader.c */ = {isa = PBXFileReference; fileEncoding = 4; lastKnownFileType = sourcecode.c.c; path = bundleinforeader.c; sourceTree = "<group>"; };
		16917E1310F417E200E71A04 /* helpers.h */ = {isa = PBXFileReference; fileEncoding = 4; lastKnownFileType = sourcecode.c.h; path = helpers.h; sourceTree = "<group>"; };
		16917E1410F417E200E71A04 /* helpers.c */ = {isa = PBXFileReference; fileEncoding = 4; lastKnownFileType = sourcecode.c.c; path = helpers.c; sourceTree = "<group>"; };
		169929C011932E2A004BCE44 /* ToolbarController.m */ = {isa = PBXFileReference; fileEncoding = 4; lastKnownFileType = sourcecode.c.objc; path = ToolbarController.m; sourceTree = "<group>"; };
		169B3AE711C50AC8002F73A9 /* external_utils.h */ = {isa = PBXFileReference; fileEncoding = 4; lastKnownFileType = sourcecode.c.h; path = external_utils.h; sourceTree = "<group>"; };
		169B3AE811C50AC8002F73A9 /* external_utils.c */ = {isa = PBXFileReference; fileEncoding = 4; lastKnownFileType = sourcecode.c.c; path = external_utils.c; sourceTree = "<group>"; };
		16A4A34A10FD6F2200FF9FC8 /* intro.rtf */ = {isa = PBXFileReference; lastKnownFileType = text.rtf; path = intro.rtf; sourceTree = "<group>"; };
		16A8537A10E8EAE4008AFDA5 /* English */ = {isa = PBXFileReference; lastKnownFileType = file.xib; name = English; path = English.lproj/TaskInfo.xib; sourceTree = "<group>"; };
		16B4F8FD10F0912C00741229 /* tasks_explorer_svc.c */ = {isa = PBXFileReference; fileEncoding = 4; lastKnownFileType = sourcecode.c.c; name = tasks_explorer_svc.c; path = Common/tasks_explorer_svc.c; sourceTree = SOURCE_ROOT; };
		16B4F8FF10F0914100741229 /* tasks_explorer_clnt.c */ = {isa = PBXFileReference; explicitFileType = sourcecode.c.objc; fileEncoding = 4; name = tasks_explorer_clnt.c; path = Common/tasks_explorer_clnt.c; sourceTree = SOURCE_ROOT; };
		16B4F9B110F0B5D900741229 /* data_types.h */ = {isa = PBXFileReference; fileEncoding = 4; lastKnownFileType = sourcecode.c.h; path = data_types.h; sourceTree = "<group>"; };
		16B4F9B210F0B5D900741229 /* tasks_explorer.h */ = {isa = PBXFileReference; fileEncoding = 4; lastKnownFileType = sourcecode.c.h; path = tasks_explorer.h; sourceTree = "<group>"; };
		16B4F9B310F0B5D900741229 /* tasks_explorer.x */ = {isa = PBXFileReference; explicitFileType = sourcecode; fileEncoding = 4; path = tasks_explorer.x; sourceTree = "<group>"; };
		16B4F9B810F0B5D900741229 /* tasks_explorer_xdr.c */ = {isa = PBXFileReference; fileEncoding = 4; lastKnownFileType = sourcecode.c.c; name = tasks_explorer_xdr.c; path = ../Common/tasks_explorer_xdr.c; sourceTree = "<group>"; };
		16B4F9F010F0B85000741229 /* tasks_explorer_xdr_c.c */ = {isa = PBXFileReference; explicitFileType = sourcecode.c.objc; fileEncoding = 4; name = tasks_explorer_xdr_c.c; path = Common/tasks_explorer_xdr_c.c; sourceTree = SOURCE_ROOT; };
		16C0D53710CFBDDF00B9FB58 /* tasksexplorerd */ = {isa = PBXFileReference; explicitFileType = "compiled.mach-o.executable"; includeInIndex = 0; path = tasksexplorerd; sourceTree = BUILT_PRODUCTS_DIR; };
		16D52F2710E4872300D4742D /* English */ = {isa = PBXFileReference; lastKnownFileType = file.xib; name = English; path = English.lproj/TreeView.xib; sourceTree = "<group>"; };
		16D52F7910E48A4500D4742D /* English */ = {isa = PBXFileReference; lastKnownFileType = file.xib; name = English; path = English.lproj/FlatView.xib; sourceTree = "<group>"; };
		16D52F9210E48BE200D4742D /* MainWindowController.h */ = {isa = PBXFileReference; fileEncoding = 4; lastKnownFileType = sourcecode.c.h; path = MainWindowController.h; sourceTree = "<group>"; };
		16D52F9310E48BE200D4742D /* MainWindowController.m */ = {isa = PBXFileReference; fileEncoding = 4; lastKnownFileType = sourcecode.c.objc; path = MainWindowController.m; sourceTree = "<group>"; };
		4D99839713A28E8500877DD8 /* English */ = {isa = PBXFileReference; lastKnownFileType = file.xib; name = English; path = English.lproj/CallStack.xib; sourceTree = "<group>"; };
		4D99839913A3B92100877DD8 /* StackInfoController.h */ = {isa = PBXFileReference; fileEncoding = 4; lastKnownFileType = sourcecode.c.h; path = StackInfoController.h; sourceTree = "<group>"; };
		4D99839A13A3B92100877DD8 /* StackInfoController.m */ = {isa = PBXFileReference; fileEncoding = 4; lastKnownFileType = sourcecode.c.objc; path = StackInfoController.m; sourceTree = "<group>"; };
		4DEB29D713A3D56600D794C7 /* stack_info.c */ = {isa = PBXFileReference; fileEncoding = 4; lastKnownFileType = sourcecode.c.c; path = stack_info.c; sourceTree = "<group>"; };
		4DEB29D813A3D56600D794C7 /* stack_info.h */ = {isa = PBXFileReference; fileEncoding = 4; lastKnownFileType = sourcecode.c.h; path = stack_info.h; sourceTree = "<group>"; };
		4DF31093139AA0F500A4C82A /* ThreadInfo.h */ = {isa = PBXFileReference; fileEncoding = 4; lastKnownFileType = sourcecode.c.h; path = ThreadInfo.h; sourceTree = "<group>"; };
		4DF31094139AA0F500A4C82A /* ThreadInfo.m */ = {isa = PBXFileReference; fileEncoding = 4; lastKnownFileType = sourcecode.c.objc; path = ThreadInfo.m; sourceTree = "<group>"; };
		5C05B66913BDA8AE004C96EB /* StackRecord.h */ = {isa = PBXFileReference; fileEncoding = 4; lastKnownFileType = sourcecode.c.h; path = StackRecord.h; sourceTree = "<group>"; };
		5C05B66A13BDA8AE004C96EB /* StackRecord.m */ = {isa = PBXFileReference; fileEncoding = 4; lastKnownFileType = sourcecode.c.objc; path = StackRecord.m; sourceTree = "<group>"; };
/* End PBXFileReference section */

/* Begin PBXFrameworksBuildPhase section */
		165D3EF410CEA65A0047AF58 /* Frameworks */ = {
			isa = PBXFrameworksBuildPhase;
			buildActionMask = 2147483647;
			files = (
				162A058F1104A506009DD3F0 /* Sparkle.framework in Frameworks */,
			);
			runOnlyForDeploymentPostprocessing = 0;
		};
		16C0D53510CFBDDF00B9FB58 /* Frameworks */ = {
			isa = PBXFrameworksBuildPhase;
			buildActionMask = 2147483647;
			files = (
				16822E4810CFEE7000627F5E /* CoreFoundation.framework in Frameworks */,
			);
			runOnlyForDeploymentPostprocessing = 0;
		};
/* End PBXFrameworksBuildPhase section */

/* Begin PBXGroup section */
		16066DAE10E4CA6E00BABB7C /* TasksInfo */ = {
			isa = PBXGroup;
			children = (
				16066DAB10E4CA6100BABB7C /* TasksInfoManager.h */,
				16066DAC10E4CA6100BABB7C /* TasksInfoManager.m */,
				1686C4B010E5CB2300FCFDAF /* ProcessInfo.h */,
				1686C4B110E5CB2300FCFDAF /* ProcessInfo.m */,
				16602D8B10EE0CE100BC327B /* DaemonDataSource.h */,
				16602D8C10EE0CE100BC327B /* DaemonDataSource.m */,
				168102AB1102F174003F5289 /* EnvVariable.h */,
				168102AC1102F174003F5289 /* EnvVariable.m */,
				4DF31093139AA0F500A4C82A /* ThreadInfo.h */,
				4DF31094139AA0F500A4C82A /* ThreadInfo.m */,
				5C05B66913BDA8AE004C96EB /* StackRecord.h */,
				5C05B66A13BDA8AE004C96EB /* StackRecord.m */,
			);
			name = TasksInfo;
			sourceTree = "<group>";
		};
		1617C91611C40151005A56CC /* Graphs */ = {
			isa = PBXGroup;
			children = (
				1617C91711C401E2005A56CC /* GraphView.h */,
				1617C91811C401E2005A56CC /* GraphView.m */,
			);
			name = Graphs;
			sourceTree = "<group>";
		};
		1628695F111A796C00316205 /* Mach-OInfo */ = {
			isa = PBXGroup;
			children = (
				16286960111A79B000316205 /* macho_reader.c */,
				16286961111A79B000316205 /* macho_reader.h */,
				16286963111A79B000316205 /* MachOReader.m */,
				16286962111A79B000316205 /* MachOReader.h */,
				16286964111A79B000316205 /* sglib.h */,
			);
			name = "Mach-OInfo";
			sourceTree = "<group>";
		};
		162A05511104A37C009DD3F0 /* SUN-RPC */ = {
			isa = PBXGroup;
			children = (
				16B4F9F010F0B85000741229 /* tasks_explorer_xdr_c.c */,
				16B4F8FF10F0914100741229 /* tasks_explorer_clnt.c */,
			);
			name = "SUN-RPC";
			sourceTree = "<group>";
		};
		164F383210CFBEC80040C962 /* tasksexplorerd */ = {
			isa = PBXGroup;
			children = (
				16B4F9B810F0B5D900741229 /* tasks_explorer_xdr.c */,
				16B4F8FD10F0912C00741229 /* tasks_explorer_svc.c */,
				16822D2210CFC47200627F5E /* taskinfomanager.c */,
				16822D2310CFC47200627F5E /* taskinfomanager.h */,
				16822D2110CFC47200627F5E /* main.c */,
				164F383310CFBEC80040C962 /* afx.h */,
				16602DF510EE1B9D00BC327B /* server.h */,
				16602DF610EE1B9D00BC327B /* server.c */,
				16917E0E10F39B5E00E71A04 /* bundleinforeader.h */,
				16917E0F10F39B5E00E71A04 /* bundleinforeader.c */,
				16917E1310F417E200E71A04 /* helpers.h */,
				16917E1410F417E200E71A04 /* helpers.c */,
				169B3AE711C50AC8002F73A9 /* external_utils.h */,
				169B3AE811C50AC8002F73A9 /* external_utils.c */,
				0A10A00711DF93090087B026 /* man_info.h */,
				0A10A00811DF93090087B026 /* man_info.c */,
				4DEB29D713A3D56600D794C7 /* stack_info.c */,
				4DEB29D813A3D56600D794C7 /* stack_info.h */,
			);
			path = tasksexplorerd;
			sourceTree = "<group>";
		};
		165D3DF710CEA07F0047AF58 = {
			isa = PBXGroup;
			children = (
				16A4A34110FD6EFC00FF9FC8 /* Setup */,
				16B4F9B010F0B5D900741229 /* Common */,
				164F383210CFBEC80040C962 /* tasksexplorerd */,
				165D3EFB10CEA6AE0047AF58 /* Tasks Explorer */,
				165D3E0610CEA0920047AF58 /* Products */,
				162A058E1104A506009DD3F0 /* Sparkle.framework */,
				165D400C10CF57FF0047AF58 /* CoreFoundation.framework */,
			);
			sourceTree = "<group>";
		};
		165D3E0610CEA0920047AF58 /* Products */ = {
			isa = PBXGroup;
			children = (
				165D3EF610CEA65A0047AF58 /* Tasks Explorer.app */,
				16C0D53710CFBDDF00B9FB58 /* tasksexplorerd */,
			);
			name = Products;
			sourceTree = "<group>";
		};
		165D3EFB10CEA6AE0047AF58 /* Tasks Explorer */ = {
			isa = PBXGroup;
			children = (
				165D3F1010CEA6AE0047AF58 /* main.m */,
				165D3F1610CEA6AE0047AF58 /* Tasks_ExplorerAppDelegate.h */,
				165D3F1710CEA6AE0047AF58 /* Tasks_ExplorerAppDelegate.m */,
				1681037A1103059A003F5289 /* Settings.h */,
				1681037B1103059A003F5289 /* Settings.m */,
				16066DAE10E4CA6E00BABB7C /* TasksInfo */,
				1628695F111A796C00316205 /* Mach-OInfo */,
				16D52F9710E48C0E00D4742D /* GUI */,
				162A05511104A37C009DD3F0 /* SUN-RPC */,
				16D52F2A10E4872E00D4742D /* Resources */,
				165D3F1510CEA6AE0047AF58 /* Tasks_Explorer_Prefix.pch */,
			);
			path = "Tasks Explorer";
			sourceTree = "<group>";
		};
		168103DB1103125E003F5289 /* External */ = {
			isa = PBXGroup;
			children = (
				168103D811031245003F5289 /* DBPrefsWindowController.h */,
				168103D911031245003F5289 /* DBPrefsWindowController.m */,
				162E9FD610F37B1A00D3B983 /* ImageAndTextCell.h */,
				162E9FD710F37B1A00D3B983 /* ImageAndTextCell.m */,
			);
			name = External;
			sourceTree = "<group>";
		};
		168103DC11031279003F5289 /* View Controllers */ = {
			isa = PBXGroup;
			children = (
				1616CB3610FB6A6F00550188 /* OutlineViewEx.h */,
				1616CB3710FB6A6F00550188 /* OutlineViewEx.m */,
				160D7B9910E87DFB0067500C /* ColumnsBinder.h */,
				160D7B9A10E87DFB0067500C /* ColumnsBinder.m */,
				1601481510ECC92A0044973E /* FlatViewController.h */,
				1601481610ECC92A0044973E /* FlatViewController.m */,
				1601481710ECC92A0044973E /* TreeViewController.h */,
				1601481810ECC92A0044973E /* TreeViewController.m */,
			);
			name = "View Controllers";
			sourceTree = "<group>";
		};
		168103DD110312D5003F5289 /* Dialogs */ = {
			isa = PBXGroup;
			children = (
				16286974111A7A5500316205 /* MachOViewController.h */,
				16286975111A7A5500316205 /* MachOViewController.m */,
				160849B410F853F900967C3D /* TaskInfoController.h */,
				160849B510F853F900967C3D /* TaskInfoController.m */,
				1606B6CE11049AAC00C2801E /* SettingsController.h */,
				1606B6CF11049AAC00C2801E /* SettingsController.m */,
				4D99839913A3B92100877DD8 /* StackInfoController.h */,
				4D99839A13A3B92100877DD8 /* StackInfoController.m */,
			);
			name = Dialogs;
			sourceTree = "<group>";
		};
		16917E4B10F41B1400E71A04 /* Images */ = {
			isa = PBXGroup;
			children = (
				168104C311032720003F5289 /* General.icns */,
				168104C411032720003F5289 /* Updates.icns */,
				1640759510FCB71A0028FED8 /* warning.icns */,
				16331FBD10FB3596006AC777 /* process_remove.icns */,
				1608488710F837AE00967C3D /* info.icns */,
				1608488810F837AE00967C3D /* Matrix.icns */,
				1608488910F837AE00967C3D /* remove.icns */,
			);
			path = Images;
			sourceTree = "<group>";
		};
		169929C211932E34004BCE44 /* Toolbar */ = {
			isa = PBXGroup;
			children = (
				169929C011932E2A004BCE44 /* ToolbarController.m */,
				1683331011908BEB005AC816 /* DataSource.h */,
				1683331111908BEB005AC816 /* DataSource.m */,
			);
			name = Toolbar;
			sourceTree = "<group>";
		};
		16A4A34110FD6EFC00FF9FC8 /* Setup */ = {
			isa = PBXGroup;
			children = (
				162A05C11104B1F3009DD3F0 /* appcast.xml */,
				16A4A34A10FD6F2200FF9FC8 /* intro.rtf */,
				162A05C21104B8C7009DD3F0 /* make_update.sh */,
			);
			name = Setup;
			sourceTree = "<group>";
		};
		16B4F9B010F0B5D900741229 /* Common */ = {
			isa = PBXGroup;
			children = (
				16B4F9B110F0B5D900741229 /* data_types.h */,
				16B4F9B210F0B5D900741229 /* tasks_explorer.h */,
				16B4F9B310F0B5D900741229 /* tasks_explorer.x */,
			);
			path = Common;
			sourceTree = "<group>";
		};
		16D52F2A10E4872E00D4742D /* Resources */ = {
			isa = PBXGroup;
			children = (
				162A05BF1104AB19009DD3F0 /* dsa_pub.pem */,
				165D3E0810CEA0930047AF58 /* Tasks Explorer-Info.plist */,
				16917E4B10F41B1400E71A04 /* Images */,
				165D3F0C10CEA6AE0047AF58 /* InfoPlist.strings */,
				165D3F0E10CEA6AE0047AF58 /* MainMenu.xib */,
				16D52F3410E487CA00D4742D /* TreeView.xib */,
				16D52F7B10E48A4C00D4742D /* FlatView.xib */,
				16A8537C10E8EAED008AFDA5 /* TaskInfo.xib */,
				1681040711031CC0003F5289 /* Settings.xib */,
				16286970111A7A2C00316205 /* MachOView.xib */,
				4D99839613A28E8500877DD8 /* CallStack.xib */,
			);
			name = Resources;
			sourceTree = "<group>";
		};
		16D52F9710E48C0E00D4742D /* GUI */ = {
			isa = PBXGroup;
			children = (
				1617C91611C40151005A56CC /* Graphs */,
				168103DB1103125E003F5289 /* External */,
				169929C211932E34004BCE44 /* Toolbar */,
				168103DD110312D5003F5289 /* Dialogs */,
				168103DC11031279003F5289 /* View Controllers */,
				16D52F9210E48BE200D4742D /* MainWindowController.h */,
				16D52F9310E48BE200D4742D /* MainWindowController.m */,
				16331DE310FAE6DE006AC777 /* Transformers.h */,
				16331DE410FAE6DE006AC777 /* Transformers.m */,
			);
			name = GUI;
			sourceTree = "<group>";
		};
/* End PBXGroup section */

/* Begin PBXNativeTarget section */
		165D3EF510CEA65A0047AF58 /* Tasks Explorer */ = {
			isa = PBXNativeTarget;
			buildConfigurationList = 165D3EFA10CEA6780047AF58 /* Build configuration list for PBXNativeTarget "Tasks Explorer" */;
			buildPhases = (
				165D3EF210CEA65A0047AF58 /* Resources */,
				165D3EF310CEA65A0047AF58 /* Sources */,
				165D3EF410CEA65A0047AF58 /* Frameworks */,
				162A05A61104A59C009DD3F0 /* CopyFiles */,
			);
			buildRules = (
			);
			dependencies = (
			);
			name = "Tasks Explorer";
			productName = "Tasks Explorer";
			productReference = 165D3EF610CEA65A0047AF58 /* Tasks Explorer.app */;
			productType = "com.apple.product-type.application";
		};
		16C0D53610CFBDDF00B9FB58 /* tasksexplorerd */ = {
			isa = PBXNativeTarget;
			buildConfigurationList = 16C0D53F10CFBDE600B9FB58 /* Build configuration list for PBXNativeTarget "tasksexplorerd" */;
			buildPhases = (
				16C0D53410CFBDDF00B9FB58 /* Sources */,
				16C0D53510CFBDDF00B9FB58 /* Frameworks */,
			);
			buildRules = (
			);
			dependencies = (
			);
			name = tasksexplorerd;
			productName = tasksexplorerd;
			productReference = 16C0D53710CFBDDF00B9FB58 /* tasksexplorerd */;
			productType = "com.apple.product-type.tool";
		};
/* End PBXNativeTarget section */

/* Begin PBXProject section */
		165D3DF910CEA07F0047AF58 /* Project object */ = {
			isa = PBXProject;
			attributes = {
				BuildIndependentTargetsInParallel = NO;
				ORGANIZATIONNAME = "MacOS Internals";
			};
			buildConfigurationList = 165D3DFC10CEA07F0047AF58 /* Build configuration list for PBXProject "Tasks Explorer" */;
			compatibilityVersion = "Xcode 3.0";
			developmentRegion = English;
			hasScannedForEncodings = 0;
			knownRegions = (
				en,
				English,
			);
			mainGroup = 165D3DF710CEA07F0047AF58;
			productRefGroup = 165D3E0610CEA0920047AF58 /* Products */;
			projectDirPath = "";
			projectRoot = "";
			targets = (
				165D3EC010CEA4B80047AF58 /* All Projects */,
				165D3EF510CEA65A0047AF58 /* Tasks Explorer */,
				16C0D53610CFBDDF00B9FB58 /* tasksexplorerd */,
			);
		};
/* End PBXProject section */

/* Begin PBXResourcesBuildPhase section */
		165D3EF210CEA65A0047AF58 /* Resources */ = {
			isa = PBXResourcesBuildPhase;
			buildActionMask = 2147483647;
			files = (
				165D3F2410CEA6AE0047AF58 /* InfoPlist.strings in Resources */,
				165D3F2510CEA6AE0047AF58 /* MainMenu.xib in Resources */,
				16D52F3510E487CA00D4742D /* TreeView.xib in Resources */,
				16D52F7C10E48A4C00D4742D /* FlatView.xib in Resources */,
				16A8537D10E8EAED008AFDA5 /* TaskInfo.xib in Resources */,
				16B4F9B910F0B5D900741229 /* tasks_explorer.x in Resources */,
				1608488A10F837AE00967C3D /* info.icns in Resources */,
				1608488B10F837AE00967C3D /* Matrix.icns in Resources */,
				1608488C10F837AE00967C3D /* remove.icns in Resources */,
				16331FBE10FB3596006AC777 /* process_remove.icns in Resources */,
				1640759610FCB71A0028FED8 /* warning.icns in Resources */,
				1681040811031CC0003F5289 /* Settings.xib in Resources */,
				168104C511032720003F5289 /* General.icns in Resources */,
				168104C611032720003F5289 /* Updates.icns in Resources */,
				162A05C01104AB19009DD3F0 /* dsa_pub.pem in Resources */,
				16286972111A7A2C00316205 /* MachOView.xib in Resources */,
				4D99839813A28E8500877DD8 /* CallStack.xib in Resources */,
			);
			runOnlyForDeploymentPostprocessing = 0;
		};
/* End PBXResourcesBuildPhase section */

/* Begin PBXSourcesBuildPhase section */
		165D3EF310CEA65A0047AF58 /* Sources */ = {
			isa = PBXSourcesBuildPhase;
			buildActionMask = 2147483647;
			files = (
				165D3F2610CEA6AE0047AF58 /* main.m in Sources */,
				165D3F2810CEA6AE0047AF58 /* Tasks_ExplorerAppDelegate.m in Sources */,
				16D52F9410E48BE200D4742D /* MainWindowController.m in Sources */,
				160D7B9B10E87DFB0067500C /* ColumnsBinder.m in Sources */,
				1601481910ECC92A0044973E /* FlatViewController.m in Sources */,
				1601481A10ECC92A0044973E /* TreeViewController.m in Sources */,
				16B5626410F4AFB200F37267 /* tasks_explorer_clnt.c in Sources */,
				16B5626510F4AFB200F37267 /* ProcessInfo.m in Sources */,
				16B5626610F4AFB200F37267 /* DaemonDataSource.m in Sources */,
				16B5626710F4AFB200F37267 /* TasksInfoManager.m in Sources */,
				16B5626810F4AFB200F37267 /* tasks_explorer_xdr_c.c in Sources */,
				16A6384610F7CC6E006EBD0D /* ImageAndTextCell.m in Sources */,
				160849B610F853F900967C3D /* TaskInfoController.m in Sources */,
				16331DE510FAE6DE006AC777 /* Transformers.m in Sources */,
				1616CB3810FB6A6F00550188 /* OutlineViewEx.m in Sources */,
				168102AD1102F174003F5289 /* EnvVariable.m in Sources */,
				1681037C1103059A003F5289 /* Settings.m in Sources */,
				168103DA11031245003F5289 /* DBPrefsWindowController.m in Sources */,
				1606B6D011049AAC00C2801E /* SettingsController.m in Sources */,
				16286965111A79B000316205 /* macho_reader.c in Sources */,
				16286966111A79B000316205 /* MachOReader.m in Sources */,
				16286976111A7A5500316205 /* MachOViewController.m in Sources */,
				1683331211908BEB005AC816 /* DataSource.m in Sources */,
				169929C111932E2A004BCE44 /* ToolbarController.m in Sources */,
				1617C91911C401E2005A56CC /* GraphView.m in Sources */,
				4DF31095139AA0F500A4C82A /* ThreadInfo.m in Sources */,
				4D99839B13A3B92100877DD8 /* StackInfoController.m in Sources */,
				5C05B66B13BDA8AE004C96EB /* StackRecord.m in Sources */,
			);
			runOnlyForDeploymentPostprocessing = 0;
		};
		16C0D53410CFBDDF00B9FB58 /* Sources */ = {
			isa = PBXSourcesBuildPhase;
			buildActionMask = 2147483647;
			files = (
				16BFEED010EE019A003BCED0 /* taskinfomanager.c in Sources */,
				16602DF710EE1B9D00BC327B /* server.c in Sources */,
				16B4F8FE10F0912C00741229 /* tasks_explorer_svc.c in Sources */,
				16B4F9C310F0B5D900741229 /* tasks_explorer_xdr.c in Sources */,
				16917E1010F39B5E00E71A04 /* bundleinforeader.c in Sources */,
				16917E1510F417E200E71A04 /* helpers.c in Sources */,
				169B3AE911C50AC8002F73A9 /* external_utils.c in Sources */,
				0A10A00911DF93090087B026 /* man_info.c in Sources */,
				4DEB29D913A3D56600D794C7 /* stack_info.c in Sources */,
			);
			runOnlyForDeploymentPostprocessing = 0;
		};
/* End PBXSourcesBuildPhase section */

/* Begin PBXTargetDependency section */
		165D3F3210CEA6C30047AF58 /* PBXTargetDependency */ = {
			isa = PBXTargetDependency;
			target = 165D3EF510CEA65A0047AF58 /* Tasks Explorer */;
			targetProxy = 165D3F3110CEA6C30047AF58 /* PBXContainerItemProxy */;
		};
		16C0D54310CFBDF900B9FB58 /* PBXTargetDependency */ = {
			isa = PBXTargetDependency;
			target = 16C0D53610CFBDDF00B9FB58 /* tasksexplorerd */;
			targetProxy = 16C0D54210CFBDF900B9FB58 /* PBXContainerItemProxy */;
		};
/* End PBXTargetDependency section */

/* Begin PBXVariantGroup section */
		16286970111A7A2C00316205 /* MachOView.xib */ = {
			isa = PBXVariantGroup;
			children = (
				16286971111A7A2C00316205 /* English */,
			);
			name = MachOView.xib;
			sourceTree = "<group>";
		};
		165D3F0C10CEA6AE0047AF58 /* InfoPlist.strings */ = {
			isa = PBXVariantGroup;
			children = (
				165D3F0D10CEA6AE0047AF58 /* English */,
			);
			name = InfoPlist.strings;
			sourceTree = "<group>";
		};
		165D3F0E10CEA6AE0047AF58 /* MainMenu.xib */ = {
			isa = PBXVariantGroup;
			children = (
				165D3F0F10CEA6AE0047AF58 /* English */,
			);
			name = MainMenu.xib;
			sourceTree = "<group>";
		};
		1681040711031CC0003F5289 /* Settings.xib */ = {
			isa = PBXVariantGroup;
			children = (
				1681040511031CB6003F5289 /* English */,
			);
			name = Settings.xib;
			sourceTree = "<group>";
		};
		16A8537C10E8EAED008AFDA5 /* TaskInfo.xib */ = {
			isa = PBXVariantGroup;
			children = (
				16A8537A10E8EAE4008AFDA5 /* English */,
			);
			name = TaskInfo.xib;
			sourceTree = "<group>";
		};
		16D52F3410E487CA00D4742D /* TreeView.xib */ = {
			isa = PBXVariantGroup;
			children = (
				16D52F2710E4872300D4742D /* English */,
			);
			name = TreeView.xib;
			sourceTree = "<group>";
		};
		16D52F7B10E48A4C00D4742D /* FlatView.xib */ = {
			isa = PBXVariantGroup;
			children = (
				16D52F7910E48A4500D4742D /* English */,
			);
			name = FlatView.xib;
			sourceTree = "<group>";
		};
		4D99839613A28E8500877DD8 /* CallStack.xib */ = {
			isa = PBXVariantGroup;
			children = (
				4D99839713A28E8500877DD8 /* English */,
			);
			name = CallStack.xib;
			sourceTree = "<group>";
		};
/* End PBXVariantGroup section */

/* Begin XCBuildConfiguration section */
		165D3DFA10CEA07F0047AF58 /* Debug */ = {
			isa = XCBuildConfiguration;
			buildSettings = {
				ARCHS = "$(ONLY_ACTIVE_ARCH_PRE_XCODE_3_1)";
				COPY_PHASE_STRIP = NO;
				GCC_VERSION = com.apple.compilers.llvm.clang.1_0;
				ONLY_ACTIVE_ARCH_PRE_XCODE_3_1 = "$(NATIVE_ARCH_64)";
				SDKROOT = "$(DEVELOPER_SDK_DIR)/MacOSX10.6.sdk";
				VALID_ARCHS = "i386 x86_64";
			};
			name = Debug;
		};
		165D3DFB10CEA07F0047AF58 /* Release */ = {
			isa = XCBuildConfiguration;
			buildSettings = {
				ARCHS = "$(ONLY_ACTIVE_ARCH_PRE_XCODE_3_1)";
				COPY_PHASE_STRIP = YES;
				GCC_VERSION = com.apple.compilers.llvm.clang.1_0;
				ONLY_ACTIVE_ARCH_PRE_XCODE_3_1 = "$(NATIVE_ARCH_64)";
				SDKROOT = "$(DEVELOPER_SDK_DIR)/MacOSX10.6.sdk";
				VALID_ARCHS = "i386 x86_64";
			};
			name = Release;
		};
		165D3EC110CEA4B90047AF58 /* Debug */ = {
			isa = XCBuildConfiguration;
			buildSettings = {
				COPY_PHASE_STRIP = NO;
				GCC_DYNAMIC_NO_PIC = NO;
				GCC_OPTIMIZATION_LEVEL = 0;
				PRODUCT_NAME = "All Projects";
			};
			name = Debug;
		};
		165D3EC210CEA4B90047AF58 /* Release */ = {
			isa = XCBuildConfiguration;
			buildSettings = {
				COPY_PHASE_STRIP = YES;
				DEBUG_INFORMATION_FORMAT = "dwarf-with-dsym";
				GCC_ENABLE_FIX_AND_CONTINUE = NO;
				PRODUCT_NAME = "All Projects";
				ZERO_LINK = NO;
			};
			name = Release;
		};
		165D3EF810CEA65A0047AF58 /* Debug */ = {
			isa = XCBuildConfiguration;
			buildSettings = {
				ALWAYS_SEARCH_USER_PATHS = NO;
				ARCHS = "$(ARCHS_STANDARD_64_BIT_PRE_XCODE_3_1)";
				ARCHS_STANDARD_64_BIT_PRE_XCODE_3_1 = x86_64;
				COPY_PHASE_STRIP = NO;
				FRAMEWORK_SEARCH_PATHS = (
					"$(inherited)",
					"$(FRAMEWORK_SEARCH_PATHS_QUOTED_FOR_TARGET_1)",
					"$(FRAMEWORK_SEARCH_PATHS_QUOTED_FOR_TARGET_2)",
					"$(FRAMEWORK_SEARCH_PATHS_QUOTED_FOR_TARGET_3)",
					"$(FRAMEWORK_SEARCH_PATHS_QUOTED_FOR_TARGET_4)",
				);
				FRAMEWORK_SEARCH_PATHS_QUOTED_FOR_TARGET_1 = "\"$(SRCROOT)\"";
				GCC_DYNAMIC_NO_PIC = NO;
				GCC_ENABLE_FIX_AND_CONTINUE = YES;
				GCC_MODEL_TUNING = G5;
				GCC_OPTIMIZATION_LEVEL = 0;
				GCC_PRECOMPILE_PREFIX_HEADER = YES;
				GCC_PREFIX_HEADER = "$(SYSTEM_LIBRARY_DIR)/Frameworks/AppKit.framework/Headers/AppKit.h";
				INFOPLIST_FILE = "Tasks Explorer-Info.plist";
				INSTALL_PATH = "$(HOME)/Applications";
				OTHER_LDFLAGS = (
					"-framework",
					Foundation,
					"-framework",
					AppKit,
				);
				PREBINDING = NO;
				PRODUCT_NAME = "Tasks Explorer";
				SDKROOT = "$(DEVELOPER_SDK_DIR)/MacOSX10.6.sdk";
				STRIP_INSTALLED_PRODUCT = NO;
				SYMROOT = build;
				USER_HEADER_SEARCH_PATHS = ./Common;
				VALID_ARCHS = "i386 x86_64";
			};
			name = Debug;
		};
		165D3EF910CEA65A0047AF58 /* Release */ = {
			isa = XCBuildConfiguration;
			buildSettings = {
				ALWAYS_SEARCH_USER_PATHS = NO;
				ARCHS = "$(ARCHS_STANDARD_64_BIT_PRE_XCODE_3_1)";
				ARCHS_STANDARD_64_BIT_PRE_XCODE_3_1 = x86_64;
				COPY_PHASE_STRIP = NO;
				DEBUG_INFORMATION_FORMAT = "dwarf-with-dsym";
				FRAMEWORK_SEARCH_PATHS = (
					"$(inherited)",
					"$(FRAMEWORK_SEARCH_PATHS_QUOTED_FOR_TARGET_1)",
					"$(FRAMEWORK_SEARCH_PATHS_QUOTED_FOR_TARGET_2)",
					"$(FRAMEWORK_SEARCH_PATHS_QUOTED_FOR_TARGET_3)",
					"$(FRAMEWORK_SEARCH_PATHS_QUOTED_FOR_TARGET_4)",
				);
				FRAMEWORK_SEARCH_PATHS_QUOTED_FOR_TARGET_1 = "\"$(SRCROOT)\"";
				GCC_DYNAMIC_NO_PIC = YES;
				GCC_ENABLE_FIX_AND_CONTINUE = NO;
				GCC_MODEL_TUNING = G5;
				GCC_PRECOMPILE_PREFIX_HEADER = YES;
				GCC_PREFIX_HEADER = "$(SYSTEM_LIBRARY_DIR)/Frameworks/AppKit.framework/Headers/AppKit.h";
				HEADER_SEARCH_PATHS = "";
				INFOPLIST_FILE = "Tasks Explorer-Info.plist";
				INSTALL_PATH = "$(HOME)/Applications";
				OTHER_LDFLAGS = (
					"-framework",
					Foundation,
					"-framework",
					AppKit,
				);
				PREBINDING = NO;
				PRODUCT_NAME = "Tasks Explorer";
				SDKROOT = "$(DEVELOPER_SDK_DIR)/MacOSX10.6.sdk";
				STRIP_INSTALLED_PRODUCT = NO;
				SYMROOT = build;
				USER_HEADER_SEARCH_PATHS = ./Common;
				VALID_ARCHS = "i386 x86_64";
				ZERO_LINK = NO;
			};
			name = Release;
		};
		16C0D53910CFBDDF00B9FB58 /* Debug */ = {
			isa = XCBuildConfiguration;
			buildSettings = {
				ALWAYS_SEARCH_USER_PATHS = NO;
				ARCHS = "$(ARCHS_STANDARD_64_BIT_PRE_XCODE_3_1)";
				ARCHS_STANDARD_64_BIT_PRE_XCODE_3_1 = x86_64;
				COPY_PHASE_STRIP = NO;
				GCC_DYNAMIC_NO_PIC = NO;
				GCC_ENABLE_FIX_AND_CONTINUE = YES;
				GCC_MODEL_TUNING = G5;
				GCC_OPTIMIZATION_LEVEL = 0;
				GCC_PREPROCESSOR_DEFINITIONS = DEBUG;
				HEADER_SEARCH_PATHS = ./Common;
				INCLUDED_RECURSIVE_SEARCH_PATH_SUBDIRECTORIES = "";
				INSTALL_PATH = /usr/local/bin;
				OTHER_CFLAGS = "";
				OTHER_LDFLAGS = "";
				PREBINDING = NO;
				PRODUCT_NAME = tasksexplorerd;
				SDKROOT = "$(DEVELOPER_SDK_DIR)/MacOSX10.6.sdk";
				SYMROOT = build;
				USER_HEADER_SEARCH_PATHS = "";
				VALID_ARCHS = "i386 x86_64";
			};
			name = Debug;
		};
		16C0D53A10CFBDDF00B9FB58 /* Release */ = {
			isa = XCBuildConfiguration;
			buildSettings = {
				ALWAYS_SEARCH_USER_PATHS = NO;
				ARCHS = "$(ARCHS_STANDARD_64_BIT_PRE_XCODE_3_1)";
				ARCHS_STANDARD_64_BIT_PRE_XCODE_3_1 = x86_64;
				COPY_PHASE_STRIP = NO;
				DEBUG_INFORMATION_FORMAT = "dwarf-with-dsym";
				GCC_ENABLE_FIX_AND_CONTINUE = NO;
				GCC_MODEL_TUNING = G5;
				GCC_PREPROCESSOR_DEFINITIONS = DEBUG;
				HEADER_SEARCH_PATHS = ./Common;
				INSTALL_PATH = /usr/local/bin;
				OTHER_LDFLAGS = "";
				PREBINDING = NO;
				PRODUCT_NAME = tasksexplorerd;
				SDKROOT = "$(DEVELOPER_SDK_DIR)/MacOSX10.6.sdk";
				SYMROOT = build;
				USER_HEADER_SEARCH_PATHS = "";
				VALID_ARCHS = "i386 x86_64";
				ZERO_LINK = NO;
			};
			name = Release;
		};
/* End XCBuildConfiguration section */

/* Begin XCConfigurationList section */
		165D3DFC10CEA07F0047AF58 /* Build configuration list for PBXProject "Tasks Explorer" */ = {
			isa = XCConfigurationList;
			buildConfigurations = (
				165D3DFA10CEA07F0047AF58 /* Debug */,
				165D3DFB10CEA07F0047AF58 /* Release */,
			);
			defaultConfigurationIsVisible = 0;
			defaultConfigurationName = Debug;
		};
		165D3EC310CEA4C00047AF58 /* Build configuration list for PBXAggregateTarget "All Projects" */ = {
			isa = XCConfigurationList;
			buildConfigurations = (
				165D3EC110CEA4B90047AF58 /* Debug */,
				165D3EC210CEA4B90047AF58 /* Release */,
			);
			defaultConfigurationIsVisible = 0;
			defaultConfigurationName = Debug;
		};
		165D3EFA10CEA6780047AF58 /* Build configuration list for PBXNativeTarget "Tasks Explorer" */ = {
			isa = XCConfigurationList;
			buildConfigurations = (
				165D3EF810CEA65A0047AF58 /* Debug */,
				165D3EF910CEA65A0047AF58 /* Release */,
			);
			defaultConfigurationIsVisible = 0;
			defaultConfigurationName = Debug;
		};
		16C0D53F10CFBDE600B9FB58 /* Build configuration list for PBXNativeTarget "tasksexplorerd" */ = {
			isa = XCConfigurationList;
			buildConfigurations = (
				16C0D53910CFBDDF00B9FB58 /* Debug */,
				16C0D53A10CFBDDF00B9FB58 /* Release */,
			);
			defaultConfigurationIsVisible = 0;
			defaultConfigurationName = Debug;
		};
/* End XCConfigurationList section */
	};
	rootObject = 165D3DF910CEA07F0047AF58 /* Project object */;
}
